
Microsoft Visual Studio Solution File, Format Version 12.00
# Visual Studio Version 16
VisualStudioVersion = 16.0.31025.194
MinimumVisualStudioVersion = 10.0.40219.1
Project("{FAE04EC0-301F-11D3-BF4B-00C04F79EFBC}") = "1.2.2. DOUBLER", "1.2.2. DOUBLER\1.2.2. DOUBLER.csproj", "{03EE3902-2DE7-4FAA-98B8-920C346A47E2}"
EndProject
Global
	GlobalSection(SolutionConfigurationPlatforms) = preSolution
		Debug|Any CPU = Debug|Any CPU
		Release|Any CPU = Release|Any CPU
	EndGlobalSection
	GlobalSection(ProjectConfigurationPlatforms) = postSolution
		{03EE3902-2DE7-4FAA-98B8-920C346A47E2}.Debug|Any CPU.ActiveCfg = Debug|Any CPU
		{03EE3902-2DE7-4FAA-98B8-920C346A47E2}.Debug|Any CPU.Build.0 = Debug|Any CPU
		{03EE3902-2DE7-4FAA-98B8-920C346A47E2}.Release|Any CPU.ActiveCfg = Release|Any CPU
		{03EE3902-2DE7-4FAA-98B8-920C346A47E2}.Release|Any CPU.Build.0 = Release|Any CPU
	EndGlobalSection
	GlobalSection(SolutionProperties) = preSolution
		HideSolutionNode = FALSE
	EndGlobalSection
	GlobalSection(ExtensibilityGlobals) = postSolution
		SolutionGuid = {BD5D3637-1F01-4671-BC91-13D6A100A431}
	EndGlobalSection
EndGlobal
