
Microsoft Visual Studio Solution File, Format Version 12.00
# Visual Studio Version 16
VisualStudioVersion = 16.0.30907.101
MinimumVisualStudioVersion = 10.0.40219.1
Project("{FAE04EC0-301F-11D3-BF4B-00C04F79EFBC}") = "1.1.4. X-MAS TREE", "1.1.4. X-MAS TREE\1.1.4. X-MAS TREE.csproj", "{161C0D2C-A966-463A-B919-9E780DEAD119}"
EndProject
Global
	GlobalSection(SolutionConfigurationPlatforms) = preSolution
		Debug|Any CPU = Debug|Any CPU
		Release|Any CPU = Release|Any CPU
	EndGlobalSection
	GlobalSection(ProjectConfigurationPlatforms) = postSolution
		{161C0D2C-A966-463A-B919-9E780DEAD119}.Debug|Any CPU.ActiveCfg = Debug|Any CPU
		{161C0D2C-A966-463A-B919-9E780DEAD119}.Debug|Any CPU.Build.0 = Debug|Any CPU
		{161C0D2C-A966-463A-B919-9E780DEAD119}.Release|Any CPU.ActiveCfg = Release|Any CPU
		{161C0D2C-A966-463A-B919-9E780DEAD119}.Release|Any CPU.Build.0 = Release|Any CPU
	EndGlobalSection
	GlobalSection(SolutionProperties) = preSolution
		HideSolutionNode = FALSE
	EndGlobalSection
	GlobalSection(ExtensibilityGlobals) = postSolution
		SolutionGuid = {45C10094-70E9-4A50-9DD2-36C5F4DEDB7B}
	EndGlobalSection
EndGlobal
