
Microsoft Visual Studio Solution File, Format Version 12.00
# Visual Studio Version 16
VisualStudioVersion = 16.0.30907.101
MinimumVisualStudioVersion = 10.0.40219.1
Project("{FAE04EC0-301F-11D3-BF4B-00C04F79EFBC}") = "1.1.7. ARRAY PROCESSING", "1.1.7. ARRAY PROCESSING\1.1.7. ARRAY PROCESSING.csproj", "{626DEB20-BFA3-46E0-99F6-BD64974B46DB}"
EndProject
Global
	GlobalSection(SolutionConfigurationPlatforms) = preSolution
		Debug|Any CPU = Debug|Any CPU
		Release|Any CPU = Release|Any CPU
	EndGlobalSection
	GlobalSection(ProjectConfigurationPlatforms) = postSolution
		{626DEB20-BFA3-46E0-99F6-BD64974B46DB}.Debug|Any CPU.ActiveCfg = Debug|Any CPU
		{626DEB20-BFA3-46E0-99F6-BD64974B46DB}.Debug|Any CPU.Build.0 = Debug|Any CPU
		{626DEB20-BFA3-46E0-99F6-BD64974B46DB}.Release|Any CPU.ActiveCfg = Release|Any CPU
		{626DEB20-BFA3-46E0-99F6-BD64974B46DB}.Release|Any CPU.Build.0 = Release|Any CPU
	EndGlobalSection
	GlobalSection(SolutionProperties) = preSolution
		HideSolutionNode = FALSE
	EndGlobalSection
	GlobalSection(ExtensibilityGlobals) = postSolution
		SolutionGuid = {85F0DEAD-6738-4B15-B2BD-2BA95CADCCC2}
	EndGlobalSection
EndGlobal
