
Microsoft Visual Studio Solution File, Format Version 12.00
# Visual Studio Version 16
VisualStudioVersion = 16.0.30907.101
MinimumVisualStudioVersion = 10.0.40219.1
Project("{FAE04EC0-301F-11D3-BF4B-00C04F79EFBC}") = "1.1.3. ANOTHER TRIANGLE", "1.1.3. ANOTHER TRIANGLE\1.1.3. ANOTHER TRIANGLE.csproj", "{D45CE218-C878-4D53-99E8-7848A0FE5765}"
EndProject
Global
	GlobalSection(SolutionConfigurationPlatforms) = preSolution
		Debug|Any CPU = Debug|Any CPU
		Release|Any CPU = Release|Any CPU
	EndGlobalSection
	GlobalSection(ProjectConfigurationPlatforms) = postSolution
		{D45CE218-C878-4D53-99E8-7848A0FE5765}.Debug|Any CPU.ActiveCfg = Debug|Any CPU
		{D45CE218-C878-4D53-99E8-7848A0FE5765}.Debug|Any CPU.Build.0 = Debug|Any CPU
		{D45CE218-C878-4D53-99E8-7848A0FE5765}.Release|Any CPU.ActiveCfg = Release|Any CPU
		{D45CE218-C878-4D53-99E8-7848A0FE5765}.Release|Any CPU.Build.0 = Release|Any CPU
	EndGlobalSection
	GlobalSection(SolutionProperties) = preSolution
		HideSolutionNode = FALSE
	EndGlobalSection
	GlobalSection(ExtensibilityGlobals) = postSolution
		SolutionGuid = {41FF7009-47EB-43F3-95DF-DD192DB92A8E}
	EndGlobalSection
EndGlobal
