
Microsoft Visual Studio Solution File, Format Version 12.00
# Visual Studio Version 16
VisualStudioVersion = 16.0.30907.101
MinimumVisualStudioVersion = 10.0.40219.1
Project("{FAE04EC0-301F-11D3-BF4B-00C04F79EFBC}") = "1.1.6. FONT ADJUSTMENT", "1.1.6. FONT ADJUSTMENT\1.1.6. FONT ADJUSTMENT.csproj", "{FA55322B-FC5B-487B-8446-AFE94934BF6C}"
EndProject
Global
	GlobalSection(SolutionConfigurationPlatforms) = preSolution
		Debug|Any CPU = Debug|Any CPU
		Release|Any CPU = Release|Any CPU
	EndGlobalSection
	GlobalSection(ProjectConfigurationPlatforms) = postSolution
		{FA55322B-FC5B-487B-8446-AFE94934BF6C}.Debug|Any CPU.ActiveCfg = Debug|Any CPU
		{FA55322B-FC5B-487B-8446-AFE94934BF6C}.Debug|Any CPU.Build.0 = Debug|Any CPU
		{FA55322B-FC5B-487B-8446-AFE94934BF6C}.Release|Any CPU.ActiveCfg = Release|Any CPU
		{FA55322B-FC5B-487B-8446-AFE94934BF6C}.Release|Any CPU.Build.0 = Release|Any CPU
	EndGlobalSection
	GlobalSection(SolutionProperties) = preSolution
		HideSolutionNode = FALSE
	EndGlobalSection
	GlobalSection(ExtensibilityGlobals) = postSolution
		SolutionGuid = {D26550F8-046A-47CA-BDC2-35D8631792F7}
	EndGlobalSection
EndGlobal
