
Microsoft Visual Studio Solution File, Format Version 12.00
# Visual Studio Version 16
VisualStudioVersion = 16.0.31025.194
MinimumVisualStudioVersion = 10.0.40219.1
Project("{FAE04EC0-301F-11D3-BF4B-00C04F79EFBC}") = "1.2.1. AVERAGES", "1.2.1. AVERAGES\1.2.1. AVERAGES.csproj", "{8688C20C-5DB4-4FE6-A256-C1ADD3FDE757}"
EndProject
Global
	GlobalSection(SolutionConfigurationPlatforms) = preSolution
		Debug|Any CPU = Debug|Any CPU
		Release|Any CPU = Release|Any CPU
	EndGlobalSection
	GlobalSection(ProjectConfigurationPlatforms) = postSolution
		{8688C20C-5DB4-4FE6-A256-C1ADD3FDE757}.Debug|Any CPU.ActiveCfg = Debug|Any CPU
		{8688C20C-5DB4-4FE6-A256-C1ADD3FDE757}.Debug|Any CPU.Build.0 = Debug|Any CPU
		{8688C20C-5DB4-4FE6-A256-C1ADD3FDE757}.Release|Any CPU.ActiveCfg = Release|Any CPU
		{8688C20C-5DB4-4FE6-A256-C1ADD3FDE757}.Release|Any CPU.Build.0 = Release|Any CPU
	EndGlobalSection
	GlobalSection(SolutionProperties) = preSolution
		HideSolutionNode = FALSE
	EndGlobalSection
	GlobalSection(ExtensibilityGlobals) = postSolution
		SolutionGuid = {4858DEED-51D1-46DD-A979-CF51AA3C34B3}
	EndGlobalSection
EndGlobal
